
Microsoft Visual Studio Solution File, Format Version 12.00
# Visual Studio Version 17
VisualStudioVersion = 17.2.32630.192
MinimumVisualStudioVersion = 10.0.40219.1
Project("{FAE04EC0-301F-11D3-BF4B-00C04F79EFBC}") = "Snebur.VisualStudio2022", "src\Snebur.VisualStudio2022\Snebur.VisualStudio2022.csproj", "{91D3E096-D5FD-48DD-8FAA-4F6022D4E7F4}"
EndProject
Project("{2150E333-8FDC-42A3-9474-1A3956D46DE8}") = "Solution Items", "Solution Items", "{13CE722F-7157-440F-9A0D-4CCFFAC30D7D}"
	ProjectSection(SolutionItems) = preProject
		.editorconfig = .editorconfig
		.gitattributes = .gitattributes
		.gitignore = .gitignore
	EndProjectSection
EndProject
Project("{2150E333-8FDC-42A3-9474-1A3956D46DE8}") = "framework", "framework", "{FD12E131-36F3-47AC-851B-3E67938CAA25}"
EndProject
Project("{2150E333-8FDC-42A3-9474-1A3956D46DE8}") = "apresentacao", "apresentacao", "{53E63A48-66B0-4B1D-BA81-E416452F812C}"
EndProject
Project("{2150E333-8FDC-42A3-9474-1A3956D46DE8}") = "compartilhado", "compartilhado", "{96C60D73-AB37-4C45-86F8-FF76A76001AB}"
EndProject
Project("{9A19103F-16F7-4668-BE54-9A1E7A4F7556}") = "Snebur.VisualStudio.Compartilhado", "src\Snebur.VisualStudio.Compartilhado\Snebur.VisualStudio.Compartilhado.csproj", "{820D2C85-872F-4740-B7E6-0EE35A3C8E32}"
EndProject
Project("{9A19103F-16F7-4668-BE54-9A1E7A4F7556}") = "Snebur.Cli", "src\Snebur.Cli\Snebur.Cli.csproj", "{0A9FDF23-0ED7-44D8-BC4B-F7B1ABA5550C}"
EndProject
Project("{2150E333-8FDC-42A3-9474-1A3956D46DE8}") = "scripts", "scripts", "{0716E40E-F9F4-4953-8161-5FB0C2C095D6}"
	ProjectSection(SolutionItems) = preProject
		scripts\vs-as-admin.ps1 = scripts\vs-as-admin.ps1
	EndProjectSection
EndProject
Project("{FAE04EC0-301F-11D3-BF4B-00C04F79EFBC}") = "Snebur", "src\Snebur.Core.Net48\Snebur.csproj", "{F816908A-1095-D602-A9C0-42DC2E536FFA}"
EndProject
Project("{FAE04EC0-301F-11D3-BF4B-00C04F79EFBC}") = "Snebur.Comunicacao.WebSocket.Experimental.Net48", "src\Snebur.Comunicacao.WebSocket.Experimental\Snebur.Comunicacao.WebSocket.Experimental.Net48.csproj", "{887586D8-D630-411D-96A9-3CE87707BD26}"
EndProject
Project("{FAE04EC0-301F-11D3-BF4B-00C04F79EFBC}") = "HelloWorldCompletion", "src\HelloWorldCompletion\HelloWorldCompletion.csproj", "{BDDFFF32-F6A9-4A9C-B1E1-8C669B20103D}"
EndProject
Global
	GlobalSection(SolutionConfigurationPlatforms) = preSolution
		Apresentacao|Any CPU = Apresentacao|Any CPU
		Apresentacao|x86 = Apresentacao|x86
		Debug Ap|Any CPU = Debug Ap|Any CPU
		Debug Ap|x86 = Debug Ap|x86
		Debug|Any CPU = Debug|Any CPU
		Debug|x86 = Debug|x86
		Release|Any CPU = Release|Any CPU
		Release|x86 = Release|x86
	EndGlobalSection
	GlobalSection(ProjectConfigurationPlatforms) = postSolution
		{91D3E096-D5FD-48DD-8FAA-4F6022D4E7F4}.Apresentacao|Any CPU.ActiveCfg = Debug|Any CPU
		{91D3E096-D5FD-48DD-8FAA-4F6022D4E7F4}.Apresentacao|Any CPU.Build.0 = Debug|Any CPU
		{91D3E096-D5FD-48DD-8FAA-4F6022D4E7F4}.Apresentacao|x86.ActiveCfg = Debug|x86
		{91D3E096-D5FD-48DD-8FAA-4F6022D4E7F4}.Apresentacao|x86.Build.0 = Debug|x86
		{91D3E096-D5FD-48DD-8FAA-4F6022D4E7F4}.Debug Ap|Any CPU.ActiveCfg = Debug|Any CPU
		{91D3E096-D5FD-48DD-8FAA-4F6022D4E7F4}.Debug Ap|Any CPU.Build.0 = Debug|Any CPU
		{91D3E096-D5FD-48DD-8FAA-4F6022D4E7F4}.Debug Ap|x86.ActiveCfg = Debug|x86
		{91D3E096-D5FD-48DD-8FAA-4F6022D4E7F4}.Debug Ap|x86.Build.0 = Debug|x86
		{91D3E096-D5FD-48DD-8FAA-4F6022D4E7F4}.Debug|Any CPU.ActiveCfg = Debug|Any CPU
		{91D3E096-D5FD-48DD-8FAA-4F6022D4E7F4}.Debug|Any CPU.Build.0 = Debug|Any CPU
		{91D3E096-D5FD-48DD-8FAA-4F6022D4E7F4}.Debug|x86.ActiveCfg = Debug|x86
		{91D3E096-D5FD-48DD-8FAA-4F6022D4E7F4}.Debug|x86.Build.0 = Debug|x86
		{91D3E096-D5FD-48DD-8FAA-4F6022D4E7F4}.Release|Any CPU.ActiveCfg = Release|Any CPU
		{91D3E096-D5FD-48DD-8FAA-4F6022D4E7F4}.Release|Any CPU.Build.0 = Release|Any CPU
		{91D3E096-D5FD-48DD-8FAA-4F6022D4E7F4}.Release|x86.ActiveCfg = Release|x86
		{91D3E096-D5FD-48DD-8FAA-4F6022D4E7F4}.Release|x86.Build.0 = Release|x86
		{820D2C85-872F-4740-B7E6-0EE35A3C8E32}.Apresentacao|Any CPU.ActiveCfg = Debug|Any CPU
		{820D2C85-872F-4740-B7E6-0EE35A3C8E32}.Apresentacao|Any CPU.Build.0 = Debug|Any CPU
		{820D2C85-872F-4740-B7E6-0EE35A3C8E32}.Apresentacao|x86.ActiveCfg = Debug|Any CPU
		{820D2C85-872F-4740-B7E6-0EE35A3C8E32}.Apresentacao|x86.Build.0 = Debug|Any CPU
		{820D2C85-872F-4740-B7E6-0EE35A3C8E32}.Debug Ap|Any CPU.ActiveCfg = Debug|Any CPU
		{820D2C85-872F-4740-B7E6-0EE35A3C8E32}.Debug Ap|Any CPU.Build.0 = Debug|Any CPU
		{820D2C85-872F-4740-B7E6-0EE35A3C8E32}.Debug Ap|x86.ActiveCfg = Debug|Any CPU
		{820D2C85-872F-4740-B7E6-0EE35A3C8E32}.Debug Ap|x86.Build.0 = Debug|Any CPU
		{820D2C85-872F-4740-B7E6-0EE35A3C8E32}.Debug|Any CPU.ActiveCfg = Debug|Any CPU
		{820D2C85-872F-4740-B7E6-0EE35A3C8E32}.Debug|Any CPU.Build.0 = Debug|Any CPU
		{820D2C85-872F-4740-B7E6-0EE35A3C8E32}.Debug|x86.ActiveCfg = Debug|Any CPU
		{820D2C85-872F-4740-B7E6-0EE35A3C8E32}.Debug|x86.Build.0 = Debug|Any CPU
		{820D2C85-872F-4740-B7E6-0EE35A3C8E32}.Release|Any CPU.ActiveCfg = Release|Any CPU
		{820D2C85-872F-4740-B7E6-0EE35A3C8E32}.Release|Any CPU.Build.0 = Release|Any CPU
		{820D2C85-872F-4740-B7E6-0EE35A3C8E32}.Release|x86.ActiveCfg = Release|Any CPU
		{820D2C85-872F-4740-B7E6-0EE35A3C8E32}.Release|x86.Build.0 = Release|Any CPU
		{0A9FDF23-0ED7-44D8-BC4B-F7B1ABA5550C}.Apresentacao|Any CPU.ActiveCfg = Debug|Any CPU
		{0A9FDF23-0ED7-44D8-BC4B-F7B1ABA5550C}.Apresentacao|Any CPU.Build.0 = Debug|Any CPU
		{0A9FDF23-0ED7-44D8-BC4B-F7B1ABA5550C}.Apresentacao|x86.ActiveCfg = Debug|Any CPU
		{0A9FDF23-0ED7-44D8-BC4B-F7B1ABA5550C}.Apresentacao|x86.Build.0 = Debug|Any CPU
		{0A9FDF23-0ED7-44D8-BC4B-F7B1ABA5550C}.Debug Ap|Any CPU.ActiveCfg = Debug|Any CPU
		{0A9FDF23-0ED7-44D8-BC4B-F7B1ABA5550C}.Debug Ap|Any CPU.Build.0 = Debug|Any CPU
		{0A9FDF23-0ED7-44D8-BC4B-F7B1ABA5550C}.Debug Ap|x86.ActiveCfg = Debug|Any CPU
		{0A9FDF23-0ED7-44D8-BC4B-F7B1ABA5550C}.Debug Ap|x86.Build.0 = Debug|Any CPU
		{0A9FDF23-0ED7-44D8-BC4B-F7B1ABA5550C}.Debug|Any CPU.ActiveCfg = Debug|Any CPU
		{0A9FDF23-0ED7-44D8-BC4B-F7B1ABA5550C}.Debug|Any CPU.Build.0 = Debug|Any CPU
		{0A9FDF23-0ED7-44D8-BC4B-F7B1ABA5550C}.Debug|x86.ActiveCfg = Debug|Any CPU
		{0A9FDF23-0ED7-44D8-BC4B-F7B1ABA5550C}.Debug|x86.Build.0 = Debug|Any CPU
		{0A9FDF23-0ED7-44D8-BC4B-F7B1ABA5550C}.Release|Any CPU.ActiveCfg = Release|Any CPU
		{0A9FDF23-0ED7-44D8-BC4B-F7B1ABA5550C}.Release|Any CPU.Build.0 = Release|Any CPU
		{0A9FDF23-0ED7-44D8-BC4B-F7B1ABA5550C}.Release|x86.ActiveCfg = Release|Any CPU
		{0A9FDF23-0ED7-44D8-BC4B-F7B1ABA5550C}.Release|x86.Build.0 = Release|Any CPU
		{F816908A-1095-D602-A9C0-42DC2E536FFA}.Apresentacao|Any CPU.ActiveCfg = Debug|Any CPU
		{F816908A-1095-D602-A9C0-42DC2E536FFA}.Apresentacao|Any CPU.Build.0 = Debug|Any CPU
		{F816908A-1095-D602-A9C0-42DC2E536FFA}.Apresentacao|x86.ActiveCfg = Debug|Any CPU
		{F816908A-1095-D602-A9C0-42DC2E536FFA}.Apresentacao|x86.Build.0 = Debug|Any CPU
		{F816908A-1095-D602-A9C0-42DC2E536FFA}.Debug Ap|Any CPU.ActiveCfg = Debug|Any CPU
		{F816908A-1095-D602-A9C0-42DC2E536FFA}.Debug Ap|Any CPU.Build.0 = Debug|Any CPU
		{F816908A-1095-D602-A9C0-42DC2E536FFA}.Debug Ap|x86.ActiveCfg = Debug|Any CPU
		{F816908A-1095-D602-A9C0-42DC2E536FFA}.Debug Ap|x86.Build.0 = Debug|Any CPU
		{F816908A-1095-D602-A9C0-42DC2E536FFA}.Debug|Any CPU.ActiveCfg = Debug|Any CPU
		{F816908A-1095-D602-A9C0-42DC2E536FFA}.Debug|Any CPU.Build.0 = Debug|Any CPU
		{F816908A-1095-D602-A9C0-42DC2E536FFA}.Debug|x86.ActiveCfg = Debug|Any CPU
		{F816908A-1095-D602-A9C0-42DC2E536FFA}.Debug|x86.Build.0 = Debug|Any CPU
		{F816908A-1095-D602-A9C0-42DC2E536FFA}.Release|Any CPU.ActiveCfg = Release|Any CPU
		{F816908A-1095-D602-A9C0-42DC2E536FFA}.Release|Any CPU.Build.0 = Release|Any CPU
		{F816908A-1095-D602-A9C0-42DC2E536FFA}.Release|x86.ActiveCfg = Release|Any CPU
		{F816908A-1095-D602-A9C0-42DC2E536FFA}.Release|x86.Build.0 = Release|Any CPU
		{887586D8-D630-411D-96A9-3CE87707BD26}.Apresentacao|Any CPU.ActiveCfg = Debug|Any CPU
		{887586D8-D630-411D-96A9-3CE87707BD26}.Apresentacao|Any CPU.Build.0 = Debug|Any CPU
		{887586D8-D630-411D-96A9-3CE87707BD26}.Apresentacao|x86.ActiveCfg = Debug|Any CPU
		{887586D8-D630-411D-96A9-3CE87707BD26}.Apresentacao|x86.Build.0 = Debug|Any CPU
		{887586D8-D630-411D-96A9-3CE87707BD26}.Debug Ap|Any CPU.ActiveCfg = Debug|Any CPU
		{887586D8-D630-411D-96A9-3CE87707BD26}.Debug Ap|Any CPU.Build.0 = Debug|Any CPU
		{887586D8-D630-411D-96A9-3CE87707BD26}.Debug Ap|x86.ActiveCfg = Debug|Any CPU
		{887586D8-D630-411D-96A9-3CE87707BD26}.Debug Ap|x86.Build.0 = Debug|Any CPU
		{887586D8-D630-411D-96A9-3CE87707BD26}.Debug|Any CPU.ActiveCfg = Debug|Any CPU
		{887586D8-D630-411D-96A9-3CE87707BD26}.Debug|Any CPU.Build.0 = Debug|Any CPU
		{887586D8-D630-411D-96A9-3CE87707BD26}.Debug|x86.ActiveCfg = Debug|Any CPU
		{887586D8-D630-411D-96A9-3CE87707BD26}.Debug|x86.Build.0 = Debug|Any CPU
		{887586D8-D630-411D-96A9-3CE87707BD26}.Release|Any CPU.ActiveCfg = Release|Any CPU
		{887586D8-D630-411D-96A9-3CE87707BD26}.Release|Any CPU.Build.0 = Release|Any CPU
		{887586D8-D630-411D-96A9-3CE87707BD26}.Release|x86.ActiveCfg = Release|Any CPU
		{887586D8-D630-411D-96A9-3CE87707BD26}.Release|x86.Build.0 = Release|Any CPU
		{BDDFFF32-F6A9-4A9C-B1E1-8C669B20103D}.Apresentacao|Any CPU.ActiveCfg = Debug|Any CPU
		{BDDFFF32-F6A9-4A9C-B1E1-8C669B20103D}.Apresentacao|Any CPU.Build.0 = Debug|Any CPU
		{BDDFFF32-F6A9-4A9C-B1E1-8C669B20103D}.Apresentacao|x86.ActiveCfg = Debug|Any CPU
		{BDDFFF32-F6A9-4A9C-B1E1-8C669B20103D}.Apresentacao|x86.Build.0 = Debug|Any CPU
		{BDDFFF32-F6A9-4A9C-B1E1-8C669B20103D}.Debug Ap|Any CPU.ActiveCfg = Debug|Any CPU
		{BDDFFF32-F6A9-4A9C-B1E1-8C669B20103D}.Debug Ap|Any CPU.Build.0 = Debug|Any CPU
		{BDDFFF32-F6A9-4A9C-B1E1-8C669B20103D}.Debug Ap|x86.ActiveCfg = Debug|Any CPU
		{BDDFFF32-F6A9-4A9C-B1E1-8C669B20103D}.Debug Ap|x86.Build.0 = Debug|Any CPU
		{BDDFFF32-F6A9-4A9C-B1E1-8C669B20103D}.Debug|Any CPU.ActiveCfg = Debug|Any CPU
		{BDDFFF32-F6A9-4A9C-B1E1-8C669B20103D}.Debug|Any CPU.Build.0 = Debug|Any CPU
		{BDDFFF32-F6A9-4A9C-B1E1-8C669B20103D}.Debug|x86.ActiveCfg = Debug|Any CPU
		{BDDFFF32-F6A9-4A9C-B1E1-8C669B20103D}.Debug|x86.Build.0 = Debug|Any CPU
		{BDDFFF32-F6A9-4A9C-B1E1-8C669B20103D}.Release|Any CPU.ActiveCfg = Release|Any CPU
		{BDDFFF32-F6A9-4A9C-B1E1-8C669B20103D}.Release|Any CPU.Build.0 = Release|Any CPU
		{BDDFFF32-F6A9-4A9C-B1E1-8C669B20103D}.Release|x86.ActiveCfg = Release|Any CPU
		{BDDFFF32-F6A9-4A9C-B1E1-8C669B20103D}.Release|x86.Build.0 = Release|Any CPU
	EndGlobalSection
	GlobalSection(SolutionProperties) = preSolution
		HideSolutionNode = FALSE
	EndGlobalSection
	GlobalSection(NestedProjects) = preSolution
		{91D3E096-D5FD-48DD-8FAA-4F6022D4E7F4} = {53E63A48-66B0-4B1D-BA81-E416452F812C}
		{820D2C85-872F-4740-B7E6-0EE35A3C8E32} = {96C60D73-AB37-4C45-86F8-FF76A76001AB}
		{0A9FDF23-0ED7-44D8-BC4B-F7B1ABA5550C} = {96C60D73-AB37-4C45-86F8-FF76A76001AB}
		{F816908A-1095-D602-A9C0-42DC2E536FFA} = {FD12E131-36F3-47AC-851B-3E67938CAA25}
		{887586D8-D630-411D-96A9-3CE87707BD26} = {FD12E131-36F3-47AC-851B-3E67938CAA25}
		{BDDFFF32-F6A9-4A9C-B1E1-8C669B20103D} = {96C60D73-AB37-4C45-86F8-FF76A76001AB}
	EndGlobalSection
	GlobalSection(ExtensibilityGlobals) = postSolution
		SolutionGuid = {B3E60AF1-E265-4F83-8390-0556D8DE6B41}
	EndGlobalSection
EndGlobal
