
Microsoft Visual Studio Solution File, Format Version 12.00
# Visual Studio Version 17
VisualStudioVersion = 17.0.32014.148
MinimumVisualStudioVersion = 10.0.40219.1
Project("{779d6514-93eb-4e99-b424-ae20e424f600}") = "Snebur.Ajudate.GeradorEstilo", "src\Snebur.Ajudate.GeradorEstilo\Snebur.Ajudate.GeradorEstilo.csproj", "{3937b38b-2bf7-40ce-a990-98dec9f4f076}"
EndProject
Project("{779d6514-93eb-4e99-b424-ae20e424f600}") = "Snebur", "..\Snebur.Framework\src\Snebur\Snebur.csproj", "{ec174c4f-8122-41a3-8360-f04c4c8fc3ba}"
EndProject
Global
	GlobalSection(SolutionConfigurationPlatforms) = preSolution
		Apresentacao|Any CPU = Apresentacao|Any CPU
		Debug|Any CPU = Debug|Any CPU
		Release|Any CPU = Release|Any CPU
	EndGlobalSection
	GlobalSection(ProjectConfigurationPlatforms) = postSolution
		{3937b38b-2bf7-40ce-a990-98dec9f4f076}.Apresentacao|Any CPU.ActiveCfg = Release|Any CPU
		{3937b38b-2bf7-40ce-a990-98dec9f4f076}.Apresentacao|Any CPU.Build.0 = Release|Any CPU
		{3937b38b-2bf7-40ce-a990-98dec9f4f076}.Debug|Any CPU.ActiveCfg = Debug|Any CPU
		{3937b38b-2bf7-40ce-a990-98dec9f4f076}.Debug|Any CPU.Build.0 = Debug|Any CPU
		{3937b38b-2bf7-40ce-a990-98dec9f4f076}.Release|Any CPU.ActiveCfg = Release|Any CPU
		{3937b38b-2bf7-40ce-a990-98dec9f4f076}.Release|Any CPU.Build.0 = Release|Any CPU
		{ec174c4f-8122-41a3-8360-f04c4c8fc3ba}.Apresentacao|Any CPU.ActiveCfg = Apresentacao|Any CPU
		{ec174c4f-8122-41a3-8360-f04c4c8fc3ba}.Apresentacao|Any CPU.Build.0 = Apresentacao|Any CPU
		{ec174c4f-8122-41a3-8360-f04c4c8fc3ba}.Debug|Any CPU.ActiveCfg = Debug|Any CPU
		{ec174c4f-8122-41a3-8360-f04c4c8fc3ba}.Debug|Any CPU.Build.0 = Debug|Any CPU
		{ec174c4f-8122-41a3-8360-f04c4c8fc3ba}.Release|Any CPU.ActiveCfg = Release|Any CPU
		{ec174c4f-8122-41a3-8360-f04c4c8fc3ba}.Release|Any CPU.Build.0 = Release|Any CPU
	EndGlobalSection
	GlobalSection(SolutionProperties) = preSolution
		HideSolutionNode = FALSE
	EndGlobalSection
	GlobalSection(ExtensibilityGlobals) = postSolution
		SolutionGuid = {8c4e22bf-8c32-4747-b086-1301668efd39}
	EndGlobalSection
EndGlobal
